// !$*UTF8*$!
{
	archiveVersion = 1;
	classes = {
	};
	objectVersion = 50;
	objects = {

/* Begin PBXBuildFile section */
		0FAA9F3E2318F13C00BD3E71 /* AppDelegate.swift in Sources */ = {isa = PBXBuildFile; fileRef = 0FAA9F3D2318F13C00BD3E71 /* AppDelegate.swift */; };
		0FAA9F402318F13C00BD3E71 /* ViewController.swift in Sources */ = {isa = PBXBuildFile; fileRef = 0FAA9F3F2318F13C00BD3E71 /* ViewController.swift */; };
		0FAA9F432318F13C00BD3E71 /* Main.storyboard in Resources */ = {isa = PBXBuildFile; fileRef = 0FAA9F412318F13C00BD3E71 /* Main.storyboard */; };
		0FAA9F452318F13F00BD3E71 /* Assets.xcassets in Resources */ = {isa = PBXBuildFile; fileRef = 0FAA9F442318F13F00BD3E71 /* Assets.xcassets */; };
		0FAA9F482318F13F00BD3E71 /* LaunchScreen.storyboard in Resources */ = {isa = PBXBuildFile; fileRef = 0FAA9F462318F13F00BD3E71 /* LaunchScreen.storyboard */; };
		0FAA9F502318F34D00BD3E71 /* RedEnvelopView.swift in Sources */ = {isa = PBXBuildFile; fileRef = 0FAA9F4F2318F34D00BD3E71 /* RedEnvelopView.swift */; };
/* End PBXBuildFile section */

/* Begin PBXFileReference section */
		0FAA9F3A2318F13C00BD3E71 /* redenvelop.app */ = {isa = PBXFileReference; explicitFileType = wrapper.application; includeInIndex = 0; path = redenvelop.app; sourceTree = BUILT_PRODUCTS_DIR; };
		0FAA9F3D2318F13C00BD3E71 /* AppDelegate.swift */ = {isa = PBXFileReference; lastKnownFileType = sourcecode.swift; path = AppDelegate.swift; sourceTree = "<group>"; };
		0FAA9F3F2318F13C00BD3E71 /* ViewController.swift */ = {isa = PBXFileReference; lastKnownFileType = sourcecode.swift; path = ViewController.swift; sourceTree = "<group>"; };
		0FAA9F422318F13C00BD3E71 /* Base */ = {isa = PBXFileReference; lastKnownFileType = file.storyboard; name = Base; path = Base.lproj/Main.storyboard; sourceTree = "<group>"; };
		0FAA9F442318F13F00BD3E71 /* Assets.xcassets */ = {isa = PBXFileReference; lastKnownFileType = folder.assetcatalog; path = Assets.xcassets; sourceTree = "<group>"; };
		0FAA9F472318F13F00BD3E71 /* Base */ = {isa = PBXFileReference; lastKnownFileType = file.storyboard; name = Base; path = Base.lproj/LaunchScreen.storyboard; sourceTree = "<group>"; };
		0FAA9F492318F13F00BD3E71 /* Info.plist */ = {isa = PBXFileReference; lastKnownFileType = text.plist.xml; path = Info.plist; sourceTree = "<group>"; };
		0FAA9F4F2318F34D00BD3E71 /* RedEnvelopView.swift */ = {isa = PBXFileReference; lastKnownFileType = sourcecode.swift; path = RedEnvelopView.swift; sourceTree = "<group>"; };
/* End PBXFileReference section */

/* Begin PBXFrameworksBuildPhase section */
		0FAA9F372318F13C00BD3E71 /* Frameworks */ = {
			isa = PBXFrameworksBuildPhase;
			buildActionMask = 2147483647;
			files = (
			);
			runOnlyForDeploymentPostprocessing = 0;
		};
/* End PBXFrameworksBuildPhase section */

/* Begin PBXGroup section */
		0FAA9F312318F13C00BD3E71 = {
			isa = PBXGroup;
			children = (
				0FAA9F3C2318F13C00BD3E71 /* redenvelop */,
				0FAA9F3B2318F13C00BD3E71 /* Products */,
			);
			sourceTree = "<group>";
		};
		0FAA9F3B2318F13C00BD3E71 /* Products */ = {
			isa = PBXGroup;
			children = (
				0FAA9F3A2318F13C00BD3E71 /* redenvelop.app */,
			);
			name = Products;
			sourceTree = "<group>";
		};
		0FAA9F3C2318F13C00BD3E71 /* redenvelop */ = {
			isa = PBXGroup;
			children = (
				0FAA9F3D2318F13C00BD3E71 /* AppDelegate.swift */,
				0FAA9F3F2318F13C00BD3E71 /* ViewController.swift */,
				0FAA9F412318F13C00BD3E71 /* Main.storyboard */,
				0FAA9F442318F13F00BD3E71 /* Assets.xcassets */,
				0FAA9F462318F13F00BD3E71 /* LaunchScreen.storyboard */,
				0FAA9F492318F13F00BD3E71 /* Info.plist */,
				0FAA9F4F2318F34D00BD3E71 /* RedEnvelopView.swift */,
			);
			path = redenvelop;
			sourceTree = "<group>";
		};
/* End PBXGroup section */

/* Begin PBXNativeTarget section */
		0FAA9F392318F13C00BD3E71 /* redenvelop */ = {
			isa = PBXNativeTarget;
			buildConfigurationList = 0FAA9F4C2318F13F00BD3E71 /* Build configuration list for PBXNativeTarget "redenvelop" */;
			buildPhases = (
				0FAA9F362318F13C00BD3E71 /* Sources */,
				0FAA9F372318F13C00BD3E71 /* Frameworks */,
				0FAA9F382318F13C00BD3E71 /* Resources */,
			);
			buildRules = (
			);
			dependencies = (
			);
			name = redenvelop;
			productName = redenvelop;
			productReference = 0FAA9F3A2318F13C00BD3E71 /* redenvelop.app */;
			productType = "com.apple.product-type.application";
		};
/* End PBXNativeTarget section */

/* Begin PBXProject section */
		0FAA9F322318F13C00BD3E71 /* Project object */ = {
			isa = PBXProject;
			attributes = {
				LastSwiftUpdateCheck = 1030;
				LastUpgradeCheck = 1030;
				ORGANIZATIONNAME = chaostong;
				TargetAttributes = {
					0FAA9F392318F13C00BD3E71 = {
						CreatedOnToolsVersion = 10.3;
					};
				};
			};
			buildConfigurationList = 0FAA9F352318F13C00BD3E71 /* Build configuration list for PBXProject "redenvelop" */;
			compatibilityVersion = "Xcode 9.3";
			developmentRegion = en;
			hasScannedForEncodings = 0;
			knownRegions = (
				en,
				Base,
			);
			mainGroup = 0FAA9F312318F13C00BD3E71;
			productRefGroup = 0FAA9F3B2318F13C00BD3E71 /* Products */;
			projectDirPath = "";
			projectRoot = "";
			targets = (
				0FAA9F392318F13C00BD3E71 /* redenvelop */,
			);
		};
/* End PBXProject section */

/* Begin PBXResourcesBuildPhase section */
		0FAA9F382318F13C00BD3E71 /* Resources */ = {
			isa = PBXResourcesBuildPhase;
			buildActionMask = 2147483647;
			files = (
				0FAA9F482318F13F00BD3E71 /* LaunchScreen.storyboard in Resources */,
				0FAA9F452318F13F00BD3E71 /* Assets.xcassets in Resources */,
				0FAA9F432318F13C00BD3E71 /* Main.storyboard in Resources */,
			);
			runOnlyForDeploymentPostprocessing = 0;
		};
/* End PBXResourcesBuildPhase section */

/* Begin PBXSourcesBuildPhase section */
		0FAA9F362318F13C00BD3E71 /* Sources */ = {
			isa = PBXSourcesBuildPhase;
			buildActionMask = 2147483647;
			files = (
				0FAA9F402318F13C00BD3E71 /* ViewController.swift in Sources */,
				0FAA9F502318F34D00BD3E71 /* RedEnvelopView.swift in Sources */,
				0FAA9F3E2318F13C00BD3E71 /* AppDelegate.swift in Sources */,
			);
			runOnlyForDeploymentPostprocessing = 0;
		};
/* End PBXSourcesBuildPhase section */

/* Begin PBXVariantGroup section */
		0FAA9F412318F13C00BD3E71 /* Main.storyboard */ = {
			isa = PBXVariantGroup;
			children = (
				0FAA9F422318F13C00BD3E71 /* Base */,
			);
			name = Main.storyboard;
			sourceTree = "<group>";
		};
		0FAA9F462318F13F00BD3E71 /* LaunchScreen.storyboard */ = {
			isa = PBXVariantGroup;
			children = (
				0FAA9F472318F13F00BD3E71 /* Base */,
			);
			name = LaunchScreen.storyboard;
			sourceTree = "<group>";
		};
/* End PBXVariantGroup section */

/* Begin XCBuildConfiguration section */
		0FAA9F4A2318F13F00BD3E71 /* Debug */ = {
			isa = XCBuildConfiguration;
			buildSettings = {
				ALWAYS_SEARCH_USER_PATHS = NO;
				CLANG_ANALYZER_NONNULL = YES;
				CLANG_ANALYZER_NUMBER_OBJECT_CONVERSION = YES_AGGRESSIVE;
				CLANG_CXX_LANGUAGE_STANDARD = "gnu++14";
				CLANG_CXX_LIBRARY = "libc++";
				CLANG_ENABLE_MODULES = YES;
				CLANG_ENABLE_OBJC_ARC = YES;
				CLANG_ENABLE_OBJC_WEAK = YES;
				CLANG_WARN_BLOCK_CAPTURE_AUTORELEASING = YES;
				CLANG_WARN_BOOL_CONVERSION = YES;
				CLANG_WARN_COMMA = YES;
				CLANG_WARN_CONSTANT_CONVERSION = YES;
				CLANG_WARN_DEPRECATED_OBJC_IMPLEMENTATIONS = YES;
				CLANG_WARN_DIRECT_OBJC_ISA_USAGE = YES_ERROR;
				CLANG_WARN_DOCUMENTATION_COMMENTS = YES;
				CLANG_WARN_EMPTY_BODY = YES;
				CLANG_WARN_ENUM_CONVERSION = YES;
				CLANG_WARN_INFINITE_RECURSION = YES;
				CLANG_WARN_INT_CONVERSION = YES;
				CLANG_WARN_NON_LITERAL_NULL_CONVERSION = YES;
				CLANG_WARN_OBJC_IMPLICIT_RETAIN_SELF = YES;
				CLANG_WARN_OBJC_LITERAL_CONVERSION = YES;
				CLANG_WARN_OBJC_ROOT_CLASS = YES_ERROR;
				CLANG_WARN_RANGE_LOOP_ANALYSIS = YES;
				CLANG_WARN_STRICT_PROTOTYPES = YES;
				CLANG_WARN_SUSPICIOUS_MOVE = YES;
				CLANG_WARN_UNGUARDED_AVAILABILITY = YES_AGGRESSIVE;
				CLANG_WARN_UNREACHABLE_CODE = YES;
				CLANG_WARN__DUPLICATE_METHOD_MATCH = YES;
				CODE_SIGN_IDENTITY = "iPhone Developer";
				COPY_PHASE_STRIP = NO;
				DEBUG_INFORMATION_FORMAT = dwarf;
				ENABLE_STRICT_OBJC_MSGSEND = YES;
				ENABLE_TESTABILITY = YES;
				GCC_C_LANGUAGE_STANDARD = gnu11;
				GCC_DYNAMIC_NO_PIC = NO;
				GCC_NO_COMMON_BLOCKS = YES;
				GCC_OPTIMIZATION_LEVEL = 0;
				GCC_PREPROCESSOR_DEFINITIONS = (
					"DEBUG=1",
					"$(inherited)",
				);
				GCC_WARN_64_TO_32_BIT_CONVERSION = YES;
				GCC_WARN_ABOUT_RETURN_TYPE = YES_ERROR;
				GCC_WARN_UNDECLARED_SELECTOR = YES;
				GCC_WARN_UNINITIALIZED_AUTOS = YES_AGGRESSIVE;
				GCC_WARN_UNUSED_FUNCTION = YES;
				GCC_WARN_UNUSED_VARIABLE = YES;
				IPHONEOS_DEPLOYMENT_TARGET = 12.4;
				MTL_ENABLE_DEBUG_INFO = INCLUDE_SOURCE;
				MTL_FAST_MATH = YES;
				ONLY_ACTIVE_ARCH = YES;
				SDKROOT = iphoneos;
				SWIFT_ACTIVE_COMPILATION_CONDITIONS = DEBUG;
				SWIFT_OPTIMIZATION_LEVEL = "-Onone";
			};
			name = Debug;
		};
		0FAA9F4B2318F13F00BD3E71 /* Release */ = {
			isa = XCBuildConfiguration;
			buildSettings = {
				ALWAYS_SEARCH_USER_PATHS = NO;
				CLANG_ANALYZER_NONNULL = YES;
				CLANG_ANALYZER_NUMBER_OBJECT_CONVERSION = YES_AGGRESSIVE;
				CLANG_CXX_LANGUAGE_STANDARD = "gnu++14";
				CLANG_CXX_LIBRARY = "libc++";
				CLANG_ENABLE_MODULES = YES;
				CLANG_ENABLE_OBJC_ARC = YES;
				CLANG_ENABLE_OBJC_WEAK = YES;
				CLANG_WARN_BLOCK_CAPTURE_AUTORELEASING = YES;
				CLANG_WARN_BOOL_CONVERSION = YES;
				CLANG_WARN_COMMA = YES;
				CLANG_WARN_CONSTANT_CONVERSION = YES;
				CLANG_WARN_DEPRECATED_OBJC_IMPLEMENTATIONS = YES;
				CLANG_WARN_DIRECT_OBJC_ISA_USAGE = YES_ERROR;
				CLANG_WARN_DOCUMENTATION_COMMENTS = YES;
				CLANG_WARN_EMPTY_BODY = YES;
				CLANG_WARN_ENUM_CONVERSION = YES;
				CLANG_WARN_INFINITE_RECURSION = YES;
				CLANG_WARN_INT_CONVERSION = YES;
				CLANG_WARN_NON_LITERAL_NULL_CONVERSION = YES;
				CLANG_WARN_OBJC_IMPLICIT_RETAIN_SELF = YES;
				CLANG_WARN_OBJC_LITERAL_CONVERSION = YES;
				CLANG_WARN_OBJC_ROOT_CLASS = YES_ERROR;
				CLANG_WARN_RANGE_LOOP_ANALYSIS = YES;
				CLANG_WARN_STRICT_PROTOTYPES = YES;
				CLANG_WARN_SUSPICIOUS_MOVE = YES;
				CLANG_WARN_UNGUARDED_AVAILABILITY = YES_AGGRESSIVE;
				CLANG_WARN_UNREACHABLE_CODE = YES;
				CLANG_WARN__DUPLICATE_METHOD_MATCH = YES;
				CODE_SIGN_IDENTITY = "iPhone Developer";
				COPY_PHASE_STRIP = NO;
				DEBUG_INFORMATION_FORMAT = "dwarf-with-dsym";
				ENABLE_NS_ASSERTIONS = NO;
				ENABLE_STRICT_OBJC_MSGSEND = YES;
				GCC_C_LANGUAGE_STANDARD = gnu11;
				GCC_NO_COMMON_BLOCKS = YES;
				GCC_WARN_64_TO_32_BIT_CONVERSION = YES;
				GCC_WARN_ABOUT_RETURN_TYPE = YES_ERROR;
				GCC_WARN_UNDECLARED_SELECTOR = YES;
				GCC_WARN_UNINITIALIZED_AUTOS = YES_AGGRESSIVE;
				GCC_WARN_UNUSED_FUNCTION = YES;
				GCC_WARN_UNUSED_VARIABLE = YES;
				IPHONEOS_DEPLOYMENT_TARGET = 12.4;
				MTL_ENABLE_DEBUG_INFO = NO;
				MTL_FAST_MATH = YES;
				SDKROOT = iphoneos;
				SWIFT_COMPILATION_MODE = wholemodule;
				SWIFT_OPTIMIZATION_LEVEL = "-O";
				VALIDATE_PRODUCT = YES;
			};
			name = Release;
		};
		0FAA9F4D2318F13F00BD3E71 /* Debug */ = {
			isa = XCBuildConfiguration;
			buildSettings = {
				ASSETCATALOG_COMPILER_APPICON_NAME = AppIcon;
				CODE_SIGN_STYLE = Automatic;
				DEVELOPMENT_TEAM = 9Y74876TPS;
				INFOPLIST_FILE = redenvelop/Info.plist;
				IPHONEOS_DEPLOYMENT_TARGET = 12.4;
				LD_RUNPATH_SEARCH_PATHS = (
					"$(inherited)",
					"@executable_path/Frameworks",
				);
				PRODUCT_BUNDLE_IDENTIFIER = com.easyulife.redenvelop;
				PRODUCT_NAME = "$(TARGET_NAME)";
				SWIFT_VERSION = 5.0;
				TARGETED_DEVICE_FAMILY = "1,2";
			};
			name = Debug;
		};
		0FAA9F4E2318F13F00BD3E71 /* Release */ = {
			isa = XCBuildConfiguration;
			buildSettings = {
				ASSETCATALOG_COMPILER_APPICON_NAME = AppIcon;
				CODE_SIGN_STYLE = Automatic;
				DEVELOPMENT_TEAM = 9Y74876TPS;
				INFOPLIST_FILE = redenvelop/Info.plist;
				IPHONEOS_DEPLOYMENT_TARGET = 12.4;
				LD_RUNPATH_SEARCH_PATHS = (
					"$(inherited)",
					"@executable_path/Frameworks",
				);
				PRODUCT_BUNDLE_IDENTIFIER = com.easyulife.redenvelop;
				PRODUCT_NAME = "$(TARGET_NAME)";
				SWIFT_VERSION = 5.0;
				TARGETED_DEVICE_FAMILY = "1,2";
			};
			name = Release;
		};
/* End XCBuildConfiguration section */

/* Begin XCConfigurationList section */
		0FAA9F352318F13C00BD3E71 /* Build configuration list for PBXProject "redenvelop" */ = {
			isa = XCConfigurationList;
			buildConfigurations = (
				0FAA9F4A2318F13F00BD3E71 /* Debug */,
				0FAA9F4B2318F13F00BD3E71 /* Release */,
			);
			defaultConfigurationIsVisible = 0;
			defaultConfigurationName = Release;
		};
		0FAA9F4C2318F13F00BD3E71 /* Build configuration list for PBXNativeTarget "redenvelop" */ = {
			isa = XCConfigurationList;
			buildConfigurations = (
				0FAA9F4D2318F13F00BD3E71 /* Debug */,
				0FAA9F4E2318F13F00BD3E71 /* Release */,
			);
			defaultConfigurationIsVisible = 0;
			defaultConfigurationName = Release;
		};
/* End XCConfigurationList section */
	};
	rootObject = 0FAA9F322318F13C00BD3E71 /* Project object */;
}
